// !$*UTF8*$!
{
	archiveVersion = 1;
	classes = {
	};
	objectVersion = 46;
	objects = {

/* Begin PBXBuildFile section */
		00CAEE531DC05BFC003B3B1F /* RCTAliyunOSS.m in Sources */ = {isa = PBXBuildFile; fileRef = 00CAEE521DC05BFC003B3B1F /* RCTAliyunOSS.m */; };
		371D4A561DDDC34B0063F802 /* AliyunOSSiOS in Frameworks */ = {isa = PBXBuildFile; fileRef = 371D4A451DDDC34B0063F802 /* AliyunOSSiOS */; };
/* End PBXBuildFile section */

/* Begin PBXCopyFilesBuildPhase section */
		00CAEE4C1DC05BFC003B3B1F /* Copy Files */ = {
			isa = PBXCopyFilesBuildPhase;
			buildActionMask = 2147483647;
			dstPath = "include/$(PRODUCT_NAME)";
			dstSubfolderSpec = 16;
			files = (
			);
			name = "Copy Files";
			runOnlyForDeploymentPostprocessing = 0;
		};
/* End PBXCopyFilesBuildPhase section */

/* Begin PBXFileReference section */
		00CAEE4E1DC05BFC003B3B1F /* libRCTAliyunOSS.a */ = {isa = PBXFileReference; explicitFileType = archive.ar; includeInIndex = 0; path = libRCTAliyunOSS.a; sourceTree = BUILT_PRODUCTS_DIR; };
		00CAEE511DC05BFC003B3B1F /* RCTAliyunOSS.h */ = {isa = PBXFileReference; lastKnownFileType = sourcecode.c.h; path = RCTAliyunOSS.h; sourceTree = "<group>"; };
		00CAEE521DC05BFC003B3B1F /* RCTAliyunOSS.m */ = {isa = PBXFileReference; lastKnownFileType = sourcecode.c.objc; path = RCTAliyunOSS.m; sourceTree = "<group>"; };
		371D4A451DDDC34B0063F802 /* AliyunOSSiOS */ = {isa = PBXFileReference; lastKnownFileType = archive.ar; name = AliyunOSSiOS; path = AliyunOSSSDK/AliyunOSSiOS; sourceTree = "<group>"; };
		371D4A461DDDC34B0063F802 /* OSSBolts.h */ = {isa = PBXFileReference; fileEncoding = 4; lastKnownFileType = sourcecode.c.h; name = OSSBolts.h; path = AliyunOSSSDK/OSSBolts.h; sourceTree = "<group>"; };
		371D4A471DDDC34B0063F802 /* OSSCancellationToken.h */ = {isa = PBXFileReference; fileEncoding = 4; lastKnownFileType = sourcecode.c.h; name = OSSCancellationToken.h; path = AliyunOSSSDK/OSSCancellationToken.h; sourceTree = "<group>"; };
		371D4A481DDDC34B0063F802 /* OSSCancellationTokenRegistration.h */ = {isa = PBXFileReference; fileEncoding = 4; lastKnownFileType = sourcecode.c.h; name = OSSCancellationTokenRegistration.h; path = AliyunOSSSDK/OSSCancellationTokenRegistration.h; sourceTree = "<group>"; };
		371D4A491DDDC34B0063F802 /* OSSCancellationTokenSource.h */ = {isa = PBXFileReference; fileEncoding = 4; lastKnownFileType = sourcecode.c.h; name = OSSCancellationTokenSource.h; path = AliyunOSSSDK/OSSCancellationTokenSource.h; sourceTree = "<group>"; };
		371D4A4A1DDDC34B0063F802 /* OSSClient.h */ = {isa = PBXFileReference; fileEncoding = 4; lastKnownFileType = sourcecode.c.h; name = OSSClient.h; path = AliyunOSSSDK/OSSClient.h; sourceTree = "<group>"; };
		371D4A4B1DDDC34B0063F802 /* OSSCompat.h */ = {isa = PBXFileReference; fileEncoding = 4; lastKnownFileType = sourcecode.c.h; name = OSSCompat.h; path = AliyunOSSSDK/OSSCompat.h; sourceTree = "<group>"; };
		371D4A4C1DDDC34B0063F802 /* OSSDefine.h */ = {isa = PBXFileReference; fileEncoding = 4; lastKnownFileType = sourcecode.c.h; name = OSSDefine.h; path = AliyunOSSSDK/OSSDefine.h; sourceTree = "<group>"; };
		371D4A4D1DDDC34B0063F802 /* OSSExecutor.h */ = {isa = PBXFileReference; fileEncoding = 4; lastKnownFileType = sourcecode.c.h; name = OSSExecutor.h; path = AliyunOSSSDK/OSSExecutor.h; sourceTree = "<group>"; };
		371D4A4E1DDDC34B0063F802 /* OSSLog.h */ = {isa = PBXFileReference; fileEncoding = 4; lastKnownFileType = sourcecode.c.h; name = OSSLog.h; path = AliyunOSSSDK/OSSLog.h; sourceTree = "<group>"; };
		371D4A4F1DDDC34B0063F802 /* OSSModel.h */ = {isa = PBXFileReference; fileEncoding = 4; lastKnownFileType = sourcecode.c.h; name = OSSModel.h; path = AliyunOSSSDK/OSSModel.h; sourceTree = "<group>"; };
		371D4A501DDDC34B0063F802 /* OSSNetworking.h */ = {isa = PBXFileReference; fileEncoding = 4; lastKnownFileType = sourcecode.c.h; name = OSSNetworking.h; path = AliyunOSSSDK/OSSNetworking.h; sourceTree = "<group>"; };
		371D4A511DDDC34B0063F802 /* OSSService.h */ = {isa = PBXFileReference; fileEncoding = 4; lastKnownFileType = sourcecode.c.h; name = OSSService.h; path = AliyunOSSSDK/OSSService.h; sourceTree = "<group>"; };
		371D4A521DDDC34B0063F802 /* OSSTask.h */ = {isa = PBXFileReference; fileEncoding = 4; lastKnownFileType = sourcecode.c.h; name = OSSTask.h; path = AliyunOSSSDK/OSSTask.h; sourceTree = "<group>"; };
		371D4A531DDDC34B0063F802 /* OSSTaskCompletionSource.h */ = {isa = PBXFileReference; fileEncoding = 4; lastKnownFileType = sourcecode.c.h; name = OSSTaskCompletionSource.h; path = AliyunOSSSDK/OSSTaskCompletionSource.h; sourceTree = "<group>"; };
		371D4A541DDDC34B0063F802 /* OSSUtil.h */ = {isa = PBXFileReference; fileEncoding = 4; lastKnownFileType = sourcecode.c.h; name = OSSUtil.h; path = AliyunOSSSDK/OSSUtil.h; sourceTree = "<group>"; };
		371D4A551DDDC34B0063F802 /* OSSXMLDictionary.h */ = {isa = PBXFileReference; fileEncoding = 4; lastKnownFileType = sourcecode.c.h; name = OSSXMLDictionary.h; path = AliyunOSSSDK/OSSXMLDictionary.h; sourceTree = "<group>"; };
/* End PBXFileReference section */

/* Begin PBXFrameworksBuildPhase section */
		00CAEE4B1DC05BFC003B3B1F /* Frameworks */ = {
			isa = PBXFrameworksBuildPhase;
			buildActionMask = 2147483647;
			files = (
				371D4A561DDDC34B0063F802 /* AliyunOSSiOS in Frameworks */,
			);
			runOnlyForDeploymentPostprocessing = 0;
		};
/* End PBXFrameworksBuildPhase section */

/* Begin PBXGroup section */
		00CAEE451DC05BFC003B3B1F = {
			isa = PBXGroup;
			children = (
				371D4A3D1DDDC1E50063F802 /* AliyunOSSSDK */,
				00CAEE501DC05BFC003B3B1F /* RCTAliyunOSS */,
				00CAEE4F1DC05BFC003B3B1F /* Products */,
			);
			sourceTree = "<group>";
		};
		00CAEE4F1DC05BFC003B3B1F /* Products */ = {
			isa = PBXGroup;
			children = (
				00CAEE4E1DC05BFC003B3B1F /* libRCTAliyunOSS.a */,
			);
			name = Products;
			sourceTree = "<group>";
		};
		00CAEE501DC05BFC003B3B1F /* RCTAliyunOSS */ = {
			isa = PBXGroup;
			children = (
				00CAEE511DC05BFC003B3B1F /* RCTAliyunOSS.h */,
				00CAEE521DC05BFC003B3B1F /* RCTAliyunOSS.m */,
			);
			path = RCTAliyunOSS;
			sourceTree = "<group>";
		};
		371D4A3D1DDDC1E50063F802 /* AliyunOSSSDK */ = {
			isa = PBXGroup;
			children = (
				371D4A451DDDC34B0063F802 /* AliyunOSSiOS */,
				371D4A461DDDC34B0063F802 /* OSSBolts.h */,
				371D4A471DDDC34B0063F802 /* OSSCancellationToken.h */,
				371D4A481DDDC34B0063F802 /* OSSCancellationTokenRegistration.h */,
				371D4A491DDDC34B0063F802 /* OSSCancellationTokenSource.h */,
				371D4A4A1DDDC34B0063F802 /* OSSClient.h */,
				371D4A4B1DDDC34B0063F802 /* OSSCompat.h */,
				371D4A4C1DDDC34B0063F802 /* OSSDefine.h */,
				371D4A4D1DDDC34B0063F802 /* OSSExecutor.h */,
				371D4A4E1DDDC34B0063F802 /* OSSLog.h */,
				371D4A4F1DDDC34B0063F802 /* OSSModel.h */,
				371D4A501DDDC34B0063F802 /* OSSNetworking.h */,
				371D4A511DDDC34B0063F802 /* OSSService.h */,
				371D4A521DDDC34B0063F802 /* OSSTask.h */,
				371D4A531DDDC34B0063F802 /* OSSTaskCompletionSource.h */,
				371D4A541DDDC34B0063F802 /* OSSUtil.h */,
				371D4A551DDDC34B0063F802 /* OSSXMLDictionary.h */,
			);
			name = AliyunOSSSDK;
			sourceTree = "<group>";
		};
/* End PBXGroup section */

/* Begin PBXNativeTarget section */
		00CAEE4D1DC05BFC003B3B1F /* RCTAliyunOSS */ = {
			isa = PBXNativeTarget;
			buildConfigurationList = 00CAEE571DC05BFC003B3B1F /* Build configuration list for PBXNativeTarget "RCTAliyunOSS" */;
			buildPhases = (
				00CAEE4A1DC05BFC003B3B1F /* Sources */,
				00CAEE4B1DC05BFC003B3B1F /* Frameworks */,
				00CAEE4C1DC05BFC003B3B1F /* Copy Files */,
			);
			buildRules = (
			);
			dependencies = (
			);
			name = RCTAliyunOSS;
			productName = RCTAliyunOSS;
			productReference = 00CAEE4E1DC05BFC003B3B1F /* libRCTAliyunOSS.a */;
			productType = "com.apple.product-type.library.static";
		};
/* End PBXNativeTarget section */

/* Begin PBXProject section */
		00CAEE461DC05BFC003B3B1F /* Project object */ = {
			isa = PBXProject;
			attributes = {
				LastUpgradeCheck = 0800;
				ORGANIZATIONNAME = lesonli;
				TargetAttributes = {
					00CAEE4D1DC05BFC003B3B1F = {
						CreatedOnToolsVersion = 8.0;
						ProvisioningStyle = Automatic;
					};
				};
			};
			buildConfigurationList = 00CAEE491DC05BFC003B3B1F /* Build configuration list for PBXProject "RCTAliyunOSS" */;
			compatibilityVersion = "Xcode 3.2";
			developmentRegion = English;
			hasScannedForEncodings = 0;
			knownRegions = (
				en,
			);
			mainGroup = 00CAEE451DC05BFC003B3B1F;
			productRefGroup = 00CAEE4F1DC05BFC003B3B1F /* Products */;
			projectDirPath = "";
			projectRoot = "";
			targets = (
				00CAEE4D1DC05BFC003B3B1F /* RCTAliyunOSS */,
			);
		};
/* End PBXProject section */

/* Begin PBXSourcesBuildPhase section */
		00CAEE4A1DC05BFC003B3B1F /* Sources */ = {
			isa = PBXSourcesBuildPhase;
			buildActionMask = 2147483647;
			files = (
				00CAEE531DC05BFC003B3B1F /* RCTAliyunOSS.m in Sources */,
			);
			runOnlyForDeploymentPostprocessing = 0;
		};
/* End PBXSourcesBuildPhase section */

/* Begin XCBuildConfiguration section */
		00CAEE551DC05BFC003B3B1F /* Debug */ = {
			isa = XCBuildConfiguration;
			buildSettings = {
				ALWAYS_SEARCH_USER_PATHS = NO;
				CLANG_ANALYZER_NONNULL = YES;
				CLANG_CXX_LANGUAGE_STANDARD = "gnu++0x";
				CLANG_CXX_LIBRARY = "libc++";
				CLANG_ENABLE_MODULES = YES;
				CLANG_ENABLE_OBJC_ARC = YES;
				CLANG_WARN_BOOL_CONVERSION = YES;
				CLANG_WARN_CONSTANT_CONVERSION = YES;
				CLANG_WARN_DIRECT_OBJC_ISA_USAGE = YES_ERROR;
				CLANG_WARN_DOCUMENTATION_COMMENTS = YES;
				CLANG_WARN_EMPTY_BODY = YES;
				CLANG_WARN_ENUM_CONVERSION = YES;
				CLANG_WARN_INFINITE_RECURSION = YES;
				CLANG_WARN_INT_CONVERSION = YES;
				CLANG_WARN_OBJC_ROOT_CLASS = YES_ERROR;
				CLANG_WARN_SUSPICIOUS_MOVES = YES;
				CLANG_WARN_UNREACHABLE_CODE = YES;
				CLANG_WARN__DUPLICATE_METHOD_MATCH = YES;
				"CODE_SIGN_IDENTITY[sdk=iphoneos*]" = "iPhone Developer";
				COPY_PHASE_STRIP = NO;
				DEBUG_INFORMATION_FORMAT = dwarf;
				ENABLE_STRICT_OBJC_MSGSEND = YES;
				ENABLE_TESTABILITY = YES;
				GCC_C_LANGUAGE_STANDARD = gnu99;
				GCC_DYNAMIC_NO_PIC = NO;
				GCC_NO_COMMON_BLOCKS = YES;
				GCC_OPTIMIZATION_LEVEL = 0;
				GCC_PREPROCESSOR_DEFINITIONS = (
					"DEBUG=1",
					"$(inherited)",
				);
				GCC_WARN_64_TO_32_BIT_CONVERSION = YES;
				GCC_WARN_ABOUT_RETURN_TYPE = YES_ERROR;
				GCC_WARN_UNDECLARED_SELECTOR = YES;
				GCC_WARN_UNINITIALIZED_AUTOS = YES_AGGRESSIVE;
				GCC_WARN_UNUSED_FUNCTION = YES;
				GCC_WARN_UNUSED_VARIABLE = YES;
				IPHONEOS_DEPLOYMENT_TARGET = 8.0;
				MTL_ENABLE_DEBUG_INFO = YES;
				ONLY_ACTIVE_ARCH = YES;
				SDKROOT = iphoneos;
			};
			name = Debug;
		};
		00CAEE561DC05BFC003B3B1F /* Release */ = {
			isa = XCBuildConfiguration;
			buildSettings = {
				ALWAYS_SEARCH_USER_PATHS = NO;
				CLANG_ANALYZER_NONNULL = YES;
				CLANG_CXX_LANGUAGE_STANDARD = "gnu++0x";
				CLANG_CXX_LIBRARY = "libc++";
				CLANG_ENABLE_MODULES = YES;
				CLANG_ENABLE_OBJC_ARC = YES;
				CLANG_WARN_BOOL_CONVERSION = YES;
				CLANG_WARN_CONSTANT_CONVERSION = YES;
				CLANG_WARN_DIRECT_OBJC_ISA_USAGE = YES_ERROR;
				CLANG_WARN_DOCUMENTATION_COMMENTS = YES;
				CLANG_WARN_EMPTY_BODY = YES;
				CLANG_WARN_ENUM_CONVERSION = YES;
				CLANG_WARN_INFINITE_RECURSION = YES;
				CLANG_WARN_INT_CONVERSION = YES;
				CLANG_WARN_OBJC_ROOT_CLASS = YES_ERROR;
				CLANG_WARN_SUSPICIOUS_MOVES = YES;
				CLANG_WARN_UNREACHABLE_CODE = YES;
				CLANG_WARN__DUPLICATE_METHOD_MATCH = YES;
				"CODE_SIGN_IDENTITY[sdk=iphoneos*]" = "iPhone Developer";
				COPY_PHASE_STRIP = NO;
				DEBUG_INFORMATION_FORMAT = "dwarf-with-dsym";
				ENABLE_NS_ASSERTIONS = NO;
				ENABLE_STRICT_OBJC_MSGSEND = YES;
				GCC_C_LANGUAGE_STANDARD = gnu99;
				GCC_NO_COMMON_BLOCKS = YES;
				GCC_WARN_64_TO_32_BIT_CONVERSION = YES;
				GCC_WARN_ABOUT_RETURN_TYPE = YES_ERROR;
				GCC_WARN_UNDECLARED_SELECTOR = YES;
				GCC_WARN_UNINITIALIZED_AUTOS = YES_AGGRESSIVE;
				GCC_WARN_UNUSED_FUNCTION = YES;
				GCC_WARN_UNUSED_VARIABLE = YES;
				IPHONEOS_DEPLOYMENT_TARGET = 8.0;
				MTL_ENABLE_DEBUG_INFO = NO;
				SDKROOT = iphoneos;
				VALIDATE_PRODUCT = YES;
			};
			name = Release;
		};
		00CAEE581DC05BFC003B3B1F /* Debug */ = {
			isa = XCBuildConfiguration;
			buildSettings = {
				FRAMEWORK_SEARCH_PATHS = "";
				HEADER_SEARCH_PATHS = "$(SRCROOT)/../../react-native/React/**";
				LIBRARY_SEARCH_PATHS = (
					"$(inherited)",
					"$(PROJECT_DIR)/AliyunOSSSDK",
				);
				OTHER_LDFLAGS = "-ObjC";
				PRODUCT_NAME = "$(TARGET_NAME)";
				SKIP_INSTALL = YES;
			};
			name = Debug;
		};
		00CAEE591DC05BFC003B3B1F /* Release */ = {
			isa = XCBuildConfiguration;
			buildSettings = {
				FRAMEWORK_SEARCH_PATHS = "";
				HEADER_SEARCH_PATHS = "$(SRCROOT)/../../react-native/React/**";
				LIBRARY_SEARCH_PATHS = (
					"$(PROJECT_DIR)/AliyunOSSSDK",
					"$(inherited)",
				);
				OTHER_LDFLAGS = "-ObjC";
				PRODUCT_NAME = "$(TARGET_NAME)";
				SKIP_INSTALL = YES;
			};
			name = Release;
		};
/* End XCBuildConfiguration section */

/* Begin XCConfigurationList section */
		00CAEE491DC05BFC003B3B1F /* Build configuration list for PBXProject "RCTAliyunOSS" */ = {
			isa = XCConfigurationList;
			buildConfigurations = (
				00CAEE551DC05BFC003B3B1F /* Debug */,
				00CAEE561DC05BFC003B3B1F /* Release */,
			);
			defaultConfigurationIsVisible = 0;
			defaultConfigurationName = Release;
		};
		00CAEE571DC05BFC003B3B1F /* Build configuration list for PBXNativeTarget "RCTAliyunOSS" */ = {
			isa = XCConfigurationList;
			buildConfigurations = (
				00CAEE581DC05BFC003B3B1F /* Debug */,
				00CAEE591DC05BFC003B3B1F /* Release */,
			);
			defaultConfigurationIsVisible = 0;
			defaultConfigurationName = Release;
		};
/* End XCConfigurationList section */
	};
	rootObject = 00CAEE461DC05BFC003B3B1F /* Project object */;
}
